// !$*UTF8*$!
{
	archiveVersion = 1;
	classes = {
	};
	objectVersion = 50;
	objects = {

/* Begin PBXBuildFile section */
		EC902FFD2598AC740049F34C /* AppDelegate.swift in Sources */ = {isa = PBXBuildFile; fileRef = EC902FFC2598AC740049F34C /* AppDelegate.swift */; };
		EC902FFF2598AC740049F34C /* SceneDelegate.swift in Sources */ = {isa = PBXBuildFile; fileRef = EC902FFE2598AC740049F34C /* SceneDelegate.swift */; };
		EC9030012598AC740049F34C /* ViewController.swift in Sources */ = {isa = PBXBuildFile; fileRef = EC9030002598AC740049F34C /* ViewController.swift */; };
		EC9030042598AC740049F34C /* Main.storyboard in Resources */ = {isa = PBXBuildFile; fileRef = EC9030022598AC740049F34C /* Main.storyboard */; };
		EC9030062598AC750049F34C /* Assets.xcassets in Resources */ = {isa = PBXBuildFile; fileRef = EC9030052598AC750049F34C /* Assets.xcassets */; };
		EC9030092598AC750049F34C /* LaunchScreen.storyboard in Resources */ = {isa = PBXBuildFile; fileRef = EC9030072598AC750049F34C /* LaunchScreen.storyboard */; };
		EC9030142598AC760049F34C /* currencyConverterTests.swift in Sources */ = {isa = PBXBuildFile; fileRef = EC9030132598AC760049F34C /* currencyConverterTests.swift */; };
		EC90301F2598AC760049F34C /* currencyConverterUITests.swift in Sources */ = {isa = PBXBuildFile; fileRef = EC90301E2598AC760049F34C /* currencyConverterUITests.swift */; };
/* End PBXBuildFile section */

/* Begin PBXContainerItemProxy section */
		EC9030102598AC760049F34C /* PBXContainerItemProxy */ = {
			isa = PBXContainerItemProxy;
			containerPortal = EC902FF12598AC740049F34C /* Project object */;
			proxyType = 1;
			remoteGlobalIDString = EC902FF82598AC740049F34C;
			remoteInfo = currencyConverter;
		};
		EC90301B2598AC760049F34C /* PBXContainerItemProxy */ = {
			isa = PBXContainerItemProxy;
			containerPortal = EC902FF12598AC740049F34C /* Project object */;
			proxyType = 1;
			remoteGlobalIDString = EC902FF82598AC740049F34C;
			remoteInfo = currencyConverter;
		};
/* End PBXContainerItemProxy section */

/* Begin PBXFileReference section */
		EC902FF92598AC740049F34C /* currencyConverter.app */ = {isa = PBXFileReference; explicitFileType = wrapper.application; includeInIndex = 0; path = currencyConverter.app; sourceTree = BUILT_PRODUCTS_DIR; };
		EC902FFC2598AC740049F34C /* AppDelegate.swift */ = {isa = PBXFileReference; lastKnownFileType = sourcecode.swift; path = AppDelegate.swift; sourceTree = "<group>"; };
		EC902FFE2598AC740049F34C /* SceneDelegate.swift */ = {isa = PBXFileReference; lastKnownFileType = sourcecode.swift; path = SceneDelegate.swift; sourceTree = "<group>"; };
		EC9030002598AC740049F34C /* ViewController.swift */ = {isa = PBXFileReference; lastKnownFileType = sourcecode.swift; path = ViewController.swift; sourceTree = "<group>"; };
		EC9030032598AC740049F34C /* Base */ = {isa = PBXFileReference; lastKnownFileType = file.storyboard; name = Base; path = Base.lproj/Main.storyboard; sourceTree = "<group>"; };
		EC9030052598AC750049F34C /* Assets.xcassets */ = {isa = PBXFileReference; lastKnownFileType = folder.assetcatalog; path = Assets.xcassets; sourceTree = "<group>"; };
		EC9030082598AC750049F34C /* Base */ = {isa = PBXFileReference; lastKnownFileType = file.storyboard; name = Base; path = Base.lproj/LaunchScreen.storyboard; sourceTree = "<group>"; };
		EC90300A2598AC750049F34C /* Info.plist */ = {isa = PBXFileReference; lastKnownFileType = text.plist.xml; path = Info.plist; sourceTree = "<group>"; };
		EC90300F2598AC760049F34C /* currencyConverterTests.xctest */ = {isa = PBXFileReference; explicitFileType = wrapper.cfbundle; includeInIndex = 0; path = currencyConverterTests.xctest; sourceTree = BUILT_PRODUCTS_DIR; };
		EC9030132598AC760049F34C /* currencyConverterTests.swift */ = {isa = PBXFileReference; lastKnownFileType = sourcecode.swift; path = currencyConverterTests.swift; sourceTree = "<group>"; };
		EC9030152598AC760049F34C /* Info.plist */ = {isa = PBXFileReference; lastKnownFileType = text.plist.xml; path = Info.plist; sourceTree = "<group>"; };
		EC90301A2598AC760049F34C /* currencyConverterUITests.xctest */ = {isa = PBXFileReference; explicitFileType = wrapper.cfbundle; includeInIndex = 0; path = currencyConverterUITests.xctest; sourceTree = BUILT_PRODUCTS_DIR; };
		EC90301E2598AC760049F34C /* currencyConverterUITests.swift */ = {isa = PBXFileReference; lastKnownFileType = sourcecode.swift; path = currencyConverterUITests.swift; sourceTree = "<group>"; };
		EC9030202598AC760049F34C /* Info.plist */ = {isa = PBXFileReference; lastKnownFileType = text.plist.xml; path = Info.plist; sourceTree = "<group>"; };
/* End PBXFileReference section */

/* Begin PBXFrameworksBuildPhase section */
		EC902FF62598AC740049F34C /* Frameworks */ = {
			isa = PBXFrameworksBuildPhase;
			buildActionMask = 2147483647;
			files = (
			);
			runOnlyForDeploymentPostprocessing = 0;
		};
		EC90300C2598AC760049F34C /* Frameworks */ = {
			isa = PBXFrameworksBuildPhase;
			buildActionMask = 2147483647;
			files = (
			);
			runOnlyForDeploymentPostprocessing = 0;
		};
		EC9030172598AC760049F34C /* Frameworks */ = {
			isa = PBXFrameworksBuildPhase;
			buildActionMask = 2147483647;
			files = (
			);
			runOnlyForDeploymentPostprocessing = 0;
		};
/* End PBXFrameworksBuildPhase section */

/* Begin PBXGroup section */
		EC902FF02598AC740049F34C = {
			isa = PBXGroup;
			children = (
				EC902FFB2598AC740049F34C /* currencyConverter */,
				EC9030122598AC760049F34C /* currencyConverterTests */,
				EC90301D2598AC760049F34C /* currencyConverterUITests */,
				EC902FFA2598AC740049F34C /* Products */,
			);
			sourceTree = "<group>";
		};
		EC902FFA2598AC740049F34C /* Products */ = {
			isa = PBXGroup;
			children = (
				EC902FF92598AC740049F34C /* currencyConverter.app */,
				EC90300F2598AC760049F34C /* currencyConverterTests.xctest */,
				EC90301A2598AC760049F34C /* currencyConverterUITests.xctest */,
			);
			name = Products;
			sourceTree = "<group>";
		};
		EC902FFB2598AC740049F34C /* currencyConverter */ = {
			isa = PBXGroup;
			children = (
				EC902FFC2598AC740049F34C /* AppDelegate.swift */,
				EC902FFE2598AC740049F34C /* SceneDelegate.swift */,
				EC9030002598AC740049F34C /* ViewController.swift */,
				EC9030022598AC740049F34C /* Main.storyboard */,
				EC9030052598AC750049F34C /* Assets.xcassets */,
				EC9030072598AC750049F34C /* LaunchScreen.storyboard */,
				EC90300A2598AC750049F34C /* Info.plist */,
			);
			path = currencyConverter;
			sourceTree = "<group>";
		};
		EC9030122598AC760049F34C /* currencyConverterTests */ = {
			isa = PBXGroup;
			children = (
				EC9030132598AC760049F34C /* currencyConverterTests.swift */,
				EC9030152598AC760049F34C /* Info.plist */,
			);
			path = currencyConverterTests;
			sourceTree = "<group>";
		};
		EC90301D2598AC760049F34C /* currencyConverterUITests */ = {
			isa = PBXGroup;
			children = (
				EC90301E2598AC760049F34C /* currencyConverterUITests.swift */,
				EC9030202598AC760049F34C /* Info.plist */,
			);
			path = currencyConverterUITests;
			sourceTree = "<group>";
		};
/* End PBXGroup section */

/* Begin PBXNativeTarget section */
		EC902FF82598AC740049F34C /* currencyConverter */ = {
			isa = PBXNativeTarget;
			buildConfigurationList = EC9030232598AC760049F34C /* Build configuration list for PBXNativeTarget "currencyConverter" */;
			buildPhases = (
				EC902FF52598AC740049F34C /* Sources */,
				EC902FF62598AC740049F34C /* Frameworks */,
				EC902FF72598AC740049F34C /* Resources */,
			);
			buildRules = (
			);
			dependencies = (
			);
			name = currencyConverter;
			productName = currencyConverter;
			productReference = EC902FF92598AC740049F34C /* currencyConverter.app */;
			productType = "com.apple.product-type.application";
		};
		EC90300E2598AC760049F34C /* currencyConverterTests */ = {
			isa = PBXNativeTarget;
			buildConfigurationList = EC9030262598AC760049F34C /* Build configuration list for PBXNativeTarget "currencyConverterTests" */;
			buildPhases = (
				EC90300B2598AC760049F34C /* Sources */,
				EC90300C2598AC760049F34C /* Frameworks */,
				EC90300D2598AC760049F34C /* Resources */,
			);
			buildRules = (
			);
			dependencies = (
				EC9030112598AC760049F34C /* PBXTargetDependency */,
			);
			name = currencyConverterTests;
			productName = currencyConverterTests;
			productReference = EC90300F2598AC760049F34C /* currencyConverterTests.xctest */;
			productType = "com.apple.product-type.bundle.unit-test";
		};
		EC9030192598AC760049F34C /* currencyConverterUITests */ = {
			isa = PBXNativeTarget;
			buildConfigurationList = EC9030292598AC760049F34C /* Build configuration list for PBXNativeTarget "currencyConverterUITests" */;
			buildPhases = (
				EC9030162598AC760049F34C /* Sources */,
				EC9030172598AC760049F34C /* Frameworks */,
				EC9030182598AC760049F34C /* Resources */,
			);
			buildRules = (
			);
			dependencies = (
				EC90301C2598AC760049F34C /* PBXTargetDependency */,
			);
			name = currencyConverterUITests;
			productName = currencyConverterUITests;
			productReference = EC90301A2598AC760049F34C /* currencyConverterUITests.xctest */;
			productType = "com.apple.product-type.bundle.ui-testing";
		};
/* End PBXNativeTarget section */

/* Begin PBXProject section */
		EC902FF12598AC740049F34C /* Project object */ = {
			isa = PBXProject;
			attributes = {
				LastSwiftUpdateCheck = 1230;
				LastUpgradeCheck = 1230;
				TargetAttributes = {
					EC902FF82598AC740049F34C = {
						CreatedOnToolsVersion = 12.3;
					};
					EC90300E2598AC760049F34C = {
						CreatedOnToolsVersion = 12.3;
						TestTargetID = EC902FF82598AC740049F34C;
					};
					EC9030192598AC760049F34C = {
						CreatedOnToolsVersion = 12.3;
						TestTargetID = EC902FF82598AC740049F34C;
					};
				};
			};
			buildConfigurationList = EC902FF42598AC740049F34C /* Build configuration list for PBXProject "currencyConverter" */;
			compatibilityVersion = "Xcode 9.3";
			developmentRegion = en;
			hasScannedForEncodings = 0;
			knownRegions = (
				en,
				Base,
			);
			mainGroup = EC902FF02598AC740049F34C;
			productRefGroup = EC902FFA2598AC740049F34C /* Products */;
			projectDirPath = "";
			projectRoot = "";
			targets = (
				EC902FF82598AC740049F34C /* currencyConverter */,
				EC90300E2598AC760049F34C /* currencyConverterTests */,
				EC9030192598AC760049F34C /* currencyConverterUITests */,
			);
		};
/* End PBXProject section */

/* Begin PBXResourcesBuildPhase section */
		EC902FF72598AC740049F34C /* Resources */ = {
			isa = PBXResourcesBuildPhase;
			buildActionMask = 2147483647;
			files = (
				EC9030092598AC750049F34C /* LaunchScreen.storyboard in Resources */,
				EC9030062598AC750049F34C /* Assets.xcassets in Resources */,
				EC9030042598AC740049F34C /* Main.storyboard in Resources */,
			);
			runOnlyForDeploymentPostprocessing = 0;
		};
		EC90300D2598AC760049F34C /* Resources */ = {
			isa = PBXResourcesBuildPhase;
			buildActionMask = 2147483647;
			files = (
			);
			runOnlyForDeploymentPostprocessing = 0;
		};
		EC9030182598AC760049F34C /* Resources */ = {
			isa = PBXResourcesBuildPhase;
			buildActionMask = 2147483647;
			files = (
			);
			runOnlyForDeploymentPostprocessing = 0;
		};
/* End PBXResourcesBuildPhase section */

/* Begin PBXSourcesBuildPhase section */
		EC902FF52598AC740049F34C /* Sources */ = {
			isa = PBXSourcesBuildPhase;
			buildActionMask = 2147483647;
			files = (
				EC9030012598AC740049F34C /* ViewController.swift in Sources */,
				EC902FFD2598AC740049F34C /* AppDelegate.swift in Sources */,
				EC902FFF2598AC740049F34C /* SceneDelegate.swift in Sources */,
			);
			runOnlyForDeploymentPostprocessing = 0;
		};
		EC90300B2598AC760049F34C /* Sources */ = {
			isa = PBXSourcesBuildPhase;
			buildActionMask = 2147483647;
			files = (
				EC9030142598AC760049F34C /* currencyConverterTests.swift in Sources */,
			);
			runOnlyForDeploymentPostprocessing = 0;
		};
		EC9030162598AC760049F34C /* Sources */ = {
			isa = PBXSourcesBuildPhase;
			buildActionMask = 2147483647;
			files = (
				EC90301F2598AC760049F34C /* currencyConverterUITests.swift in Sources */,
			);
			runOnlyForDeploymentPostprocessing = 0;
		};
/* End PBXSourcesBuildPhase section */

/* Begin PBXTargetDependency section */
		EC9030112598AC760049F34C /* PBXTargetDependency */ = {
			isa = PBXTargetDependency;
			target = EC902FF82598AC740049F34C /* currencyConverter */;
			targetProxy = EC9030102598AC760049F34C /* PBXContainerItemProxy */;
		};
		EC90301C2598AC760049F34C /* PBXTargetDependency */ = {
			isa = PBXTargetDependency;
			target = EC902FF82598AC740049F34C /* currencyConverter */;
			targetProxy = EC90301B2598AC760049F34C /* PBXContainerItemProxy */;
		};
/* End PBXTargetDependency section */

/* Begin PBXVariantGroup section */
		EC9030022598AC740049F34C /* Main.storyboard */ = {
			isa = PBXVariantGroup;
			children = (
				EC9030032598AC740049F34C /* Base */,
			);
			name = Main.storyboard;
			sourceTree = "<group>";
		};
		EC9030072598AC750049F34C /* LaunchScreen.storyboard */ = {
			isa = PBXVariantGroup;
			children = (
				EC9030082598AC750049F34C /* Base */,
			);
			name = LaunchScreen.storyboard;
			sourceTree = "<group>";
		};
/* End PBXVariantGroup section */

/* Begin XCBuildConfiguration section */
		EC9030212598AC760049F34C /* Debug */ = {
			isa = XCBuildConfiguration;
			buildSettings = {
				ALWAYS_SEARCH_USER_PATHS = NO;
				CLANG_ANALYZER_NONNULL = YES;
				CLANG_ANALYZER_NUMBER_OBJECT_CONVERSION = YES_AGGRESSIVE;
				CLANG_CXX_LANGUAGE_STANDARD = "gnu++14";
				CLANG_CXX_LIBRARY = "libc++";
				CLANG_ENABLE_MODULES = YES;
				CLANG_ENABLE_OBJC_ARC = YES;
				CLANG_ENABLE_OBJC_WEAK = YES;
				CLANG_WARN_BLOCK_CAPTURE_AUTORELEASING = YES;
				CLANG_WARN_BOOL_CONVERSION = YES;
				CLANG_WARN_COMMA = YES;
				CLANG_WARN_CONSTANT_CONVERSION = YES;
				CLANG_WARN_DEPRECATED_OBJC_IMPLEMENTATIONS = YES;
				CLANG_WARN_DIRECT_OBJC_ISA_USAGE = YES_ERROR;
				CLANG_WARN_DOCUMENTATION_COMMENTS = YES;
				CLANG_WARN_EMPTY_BODY = YES;
				CLANG_WARN_ENUM_CONVERSION = YES;
				CLANG_WARN_INFINITE_RECURSION = YES;
				CLANG_WARN_INT_CONVERSION = YES;
				CLANG_WARN_NON_LITERAL_NULL_CONVERSION = YES;
				CLANG_WARN_OBJC_IMPLICIT_RETAIN_SELF = YES;
				CLANG_WARN_OBJC_LITERAL_CONVERSION = YES;
				CLANG_WARN_OBJC_ROOT_CLASS = YES_ERROR;
				CLANG_WARN_QUOTED_INCLUDE_IN_FRAMEWORK_HEADER = YES;
				CLANG_WARN_RANGE_LOOP_ANALYSIS = YES;
				CLANG_WARN_STRICT_PROTOTYPES = YES;
				CLANG_WARN_SUSPICIOUS_MOVE = YES;
				CLANG_WARN_UNGUARDED_AVAILABILITY = YES_AGGRESSIVE;
				CLANG_WARN_UNREACHABLE_CODE = YES;
				CLANG_WARN__DUPLICATE_METHOD_MATCH = YES;
				COPY_PHASE_STRIP = NO;
				DEBUG_INFORMATION_FORMAT = dwarf;
				ENABLE_STRICT_OBJC_MSGSEND = YES;
				ENABLE_TESTABILITY = YES;
				GCC_C_LANGUAGE_STANDARD = gnu11;
				GCC_DYNAMIC_NO_PIC = NO;
				GCC_NO_COMMON_BLOCKS = YES;
				GCC_OPTIMIZATION_LEVEL = 0;
				GCC_PREPROCESSOR_DEFINITIONS = (
					"DEBUG=1",
					"$(inherited)",
				);
				GCC_WARN_64_TO_32_BIT_CONVERSION = YES;
				GCC_WARN_ABOUT_RETURN_TYPE = YES_ERROR;
				GCC_WARN_UNDECLARED_SELECTOR = YES;
				GCC_WARN_UNINITIALIZED_AUTOS = YES_AGGRESSIVE;
				GCC_WARN_UNUSED_FUNCTION = YES;
				GCC_WARN_UNUSED_VARIABLE = YES;
				IPHONEOS_DEPLOYMENT_TARGET = 14.3;
				MTL_ENABLE_DEBUG_INFO = INCLUDE_SOURCE;
				MTL_FAST_MATH = YES;
				ONLY_ACTIVE_ARCH = YES;
				SDKROOT = iphoneos;
				SWIFT_ACTIVE_COMPILATION_CONDITIONS = DEBUG;
				SWIFT_OPTIMIZATION_LEVEL = "-Onone";
			};
			name = Debug;
		};
		EC9030222598AC760049F34C /* Release */ = {
			isa = XCBuildConfiguration;
			buildSettings = {
				ALWAYS_SEARCH_USER_PATHS = NO;
				CLANG_ANALYZER_NONNULL = YES;
				CLANG_ANALYZER_NUMBER_OBJECT_CONVERSION = YES_AGGRESSIVE;
				CLANG_CXX_LANGUAGE_STANDARD = "gnu++14";
				CLANG_CXX_LIBRARY = "libc++";
				CLANG_ENABLE_MODULES = YES;
				CLANG_ENABLE_OBJC_ARC = YES;
				CLANG_ENABLE_OBJC_WEAK = YES;
				CLANG_WARN_BLOCK_CAPTURE_AUTORELEASING = YES;
				CLANG_WARN_BOOL_CONVERSION = YES;
				CLANG_WARN_COMMA = YES;
				CLANG_WARN_CONSTANT_CONVERSION = YES;
				CLANG_WARN_DEPRECATED_OBJC_IMPLEMENTATIONS = YES;
				CLANG_WARN_DIRECT_OBJC_ISA_USAGE = YES_ERROR;
				CLANG_WARN_DOCUMENTATION_COMMENTS = YES;
				CLANG_WARN_EMPTY_BODY = YES;
				CLANG_WARN_ENUM_CONVERSION = YES;
				CLANG_WARN_INFINITE_RECURSION = YES;
				CLANG_WARN_INT_CONVERSION = YES;
				CLANG_WARN_NON_LITERAL_NULL_CONVERSION = YES;
				CLANG_WARN_OBJC_IMPLICIT_RETAIN_SELF = YES;
				CLANG_WARN_OBJC_LITERAL_CONVERSION = YES;
				CLANG_WARN_OBJC_ROOT_CLASS = YES_ERROR;
				CLANG_WARN_QUOTED_INCLUDE_IN_FRAMEWORK_HEADER = YES;
				CLANG_WARN_RANGE_LOOP_ANALYSIS = YES;
				CLANG_WARN_STRICT_PROTOTYPES = YES;
				CLANG_WARN_SUSPICIOUS_MOVE = YES;
				CLANG_WARN_UNGUARDED_AVAILABILITY = YES_AGGRESSIVE;
				CLANG_WARN_UNREACHABLE_CODE = YES;
				CLANG_WARN__DUPLICATE_METHOD_MATCH = YES;
				COPY_PHASE_STRIP = NO;
				DEBUG_INFORMATION_FORMAT = "dwarf-with-dsym";
				ENABLE_NS_ASSERTIONS = NO;
				ENABLE_STRICT_OBJC_MSGSEND = YES;
				GCC_C_LANGUAGE_STANDARD = gnu11;
				GCC_NO_COMMON_BLOCKS = YES;
				GCC_WARN_64_TO_32_BIT_CONVERSION = YES;
				GCC_WARN_ABOUT_RETURN_TYPE = YES_ERROR;
				GCC_WARN_UNDECLARED_SELECTOR = YES;
				GCC_WARN_UNINITIALIZED_AUTOS = YES_AGGRESSIVE;
				GCC_WARN_UNUSED_FUNCTION = YES;
				GCC_WARN_UNUSED_VARIABLE = YES;
				IPHONEOS_DEPLOYMENT_TARGET = 14.3;
				MTL_ENABLE_DEBUG_INFO = NO;
				MTL_FAST_MATH = YES;
				SDKROOT = iphoneos;
				SWIFT_COMPILATION_MODE = wholemodule;
				SWIFT_OPTIMIZATION_LEVEL = "-O";
				VALIDATE_PRODUCT = YES;
			};
			name = Release;
		};
		EC9030242598AC760049F34C /* Debug */ = {
			isa = XCBuildConfiguration;
			buildSettings = {
				ASSETCATALOG_COMPILER_APPICON_NAME = AppIcon;
				ASSETCATALOG_COMPILER_GLOBAL_ACCENT_COLOR_NAME = AccentColor;
				CODE_SIGN_STYLE = Automatic;
				INFOPLIST_FILE = currencyConverter/Info.plist;
				LD_RUNPATH_SEARCH_PATHS = (
					"$(inherited)",
					"@executable_path/Frameworks",
				);
				PRODUCT_BUNDLE_IDENTIFIER = A.currencyConverter;
				PRODUCT_NAME = "$(TARGET_NAME)";
				SWIFT_VERSION = 5.0;
				TARGETED_DEVICE_FAMILY = "1,2";
			};
			name = Debug;
		};
		EC9030252598AC760049F34C /* Release */ = {
			isa = XCBuildConfiguration;
			buildSettings = {
				ASSETCATALOG_COMPILER_APPICON_NAME = AppIcon;
				ASSETCATALOG_COMPILER_GLOBAL_ACCENT_COLOR_NAME = AccentColor;
				CODE_SIGN_STYLE = Automatic;
				INFOPLIST_FILE = currencyConverter/Info.plist;
				LD_RUNPATH_SEARCH_PATHS = (
					"$(inherited)",
					"@executable_path/Frameworks",
				);
				PRODUCT_BUNDLE_IDENTIFIER = A.currencyConverter;
				PRODUCT_NAME = "$(TARGET_NAME)";
				SWIFT_VERSION = 5.0;
				TARGETED_DEVICE_FAMILY = "1,2";
			};
			name = Release;
		};
		EC9030272598AC760049F34C /* Debug */ = {
			isa = XCBuildConfiguration;
			buildSettings = {
				ALWAYS_EMBED_SWIFT_STANDARD_LIBRARIES = YES;
				BUNDLE_LOADER = "$(TEST_HOST)";
				CODE_SIGN_STYLE = Automatic;
				INFOPLIST_FILE = currencyConverterTests/Info.plist;
				IPHONEOS_DEPLOYMENT_TARGET = 14.3;
				LD_RUNPATH_SEARCH_PATHS = (
					"$(inherited)",
					"@executable_path/Frameworks",
					"@loader_path/Frameworks",
				);
				PRODUCT_BUNDLE_IDENTIFIER = A.currencyConverterTests;
				PRODUCT_NAME = "$(TARGET_NAME)";
				SWIFT_VERSION = 5.0;
				TARGETED_DEVICE_FAMILY = "1,2";
				TEST_HOST = "$(BUILT_PRODUCTS_DIR)/currencyConverter.app/currencyConverter";
			};
			name = Debug;
		};
		EC9030282598AC760049F34C /* Release */ = {
			isa = XCBuildConfiguration;
			buildSettings = {
				ALWAYS_EMBED_SWIFT_STANDARD_LIBRARIES = YES;
				BUNDLE_LOADER = "$(TEST_HOST)";
				CODE_SIGN_STYLE = Automatic;
				INFOPLIST_FILE = currencyConverterTests/Info.plist;
				IPHONEOS_DEPLOYMENT_TARGET = 14.3;
				LD_RUNPATH_SEARCH_PATHS = (
					"$(inherited)",
					"@executable_path/Frameworks",
					"@loader_path/Frameworks",
				);
				PRODUCT_BUNDLE_IDENTIFIER = A.currencyConverterTests;
				PRODUCT_NAME = "$(TARGET_NAME)";
				SWIFT_VERSION = 5.0;
				TARGETED_DEVICE_FAMILY = "1,2";
				TEST_HOST = "$(BUILT_PRODUCTS_DIR)/currencyConverter.app/currencyConverter";
			};
			name = Release;
		};
		EC90302A2598AC760049F34C /* Debug */ = {
			isa = XCBuildConfiguration;
			buildSettings = {
				ALWAYS_EMBED_SWIFT_STANDARD_LIBRARIES = YES;
				CODE_SIGN_STYLE = Automatic;
				INFOPLIST_FILE = currencyConverterUITests/Info.plist;
				LD_RUNPATH_SEARCH_PATHS = (
					"$(inherited)",
					"@executable_path/Frameworks",
					"@loader_path/Frameworks",
				);
				PRODUCT_BUNDLE_IDENTIFIER = A.currencyConverterUITests;
				PRODUCT_NAME = "$(TARGET_NAME)";
				SWIFT_VERSION = 5.0;
				TARGETED_DEVICE_FAMILY = "1,2";
				TEST_TARGET_NAME = currencyConverter;
			};
			name = Debug;
		};
		EC90302B2598AC760049F34C /* Release */ = {
			isa = XCBuildConfiguration;
			buildSettings = {
				ALWAYS_EMBED_SWIFT_STANDARD_LIBRARIES = YES;
				CODE_SIGN_STYLE = Automatic;
				INFOPLIST_FILE = currencyConverterUITests/Info.plist;
				LD_RUNPATH_SEARCH_PATHS = (
					"$(inherited)",
					"@executable_path/Frameworks",
					"@loader_path/Frameworks",
				);
				PRODUCT_BUNDLE_IDENTIFIER = A.currencyConverterUITests;
				PRODUCT_NAME = "$(TARGET_NAME)";
				SWIFT_VERSION = 5.0;
				TARGETED_DEVICE_FAMILY = "1,2";
				TEST_TARGET_NAME = currencyConverter;
			};
			name = Release;
		};
/* End XCBuildConfiguration section */

/* Begin XCConfigurationList section */
		EC902FF42598AC740049F34C /* Build configuration list for PBXProject "currencyConverter" */ = {
			isa = XCConfigurationList;
			buildConfigurations = (
				EC9030212598AC760049F34C /* Debug */,
				EC9030222598AC760049F34C /* Release */,
			);
			defaultConfigurationIsVisible = 0;
			defaultConfigurationName = Release;
		};
		EC9030232598AC760049F34C /* Build configuration list for PBXNativeTarget "currencyConverter" */ = {
			isa = XCConfigurationList;
			buildConfigurations = (
				EC9030242598AC760049F34C /* Debug */,
				EC9030252598AC760049F34C /* Release */,
			);
			defaultConfigurationIsVisible = 0;
			defaultConfigurationName = Release;
		};
		EC9030262598AC760049F34C /* Build configuration list for PBXNativeTarget "currencyConverterTests" */ = {
			isa = XCConfigurationList;
			buildConfigurations = (
				EC9030272598AC760049F34C /* Debug */,
				EC9030282598AC760049F34C /* Release */,
			);
			defaultConfigurationIsVisible = 0;
			defaultConfigurationName = Release;
		};
		EC9030292598AC760049F34C /* Build configuration list for PBXNativeTarget "currencyConverterUITests" */ = {
			isa = XCConfigurationList;
			buildConfigurations = (
				EC90302A2598AC760049F34C /* Debug */,
				EC90302B2598AC760049F34C /* Release */,
			);
			defaultConfigurationIsVisible = 0;
			defaultConfigurationName = Release;
		};
/* End XCConfigurationList section */
	};
	rootObject = EC902FF12598AC740049F34C /* Project object */;
}
